
Microsoft Visual Studio Solution File, Format Version 12.00
# Visual Studio Version 17
VisualStudioVersion = 17.7.34009.444
MinimumVisualStudioVersion = 10.0.40219.1
Project("{9A19103F-16F7-4668-BE54-9A1E7A4F7556}") = "ChatGPT.Api", "ChatGPT.Api\ChatGPT.Api.csproj", "{26933F0F-1BE7-4B22-94AA-D7C5C30D4163}"
EndProject
Project("{9A19103F-16F7-4668-BE54-9A1E7A4F7556}") = "ChatGPT.Ingestion", "ChatGPT.Ingestion\ChatGPT.Ingestion.csproj", "{9C2E0455-1F6A-44A7-8ACA-3DC6919BDABC}"
EndProject
Global
	GlobalSection(SolutionConfigurationPlatforms) = preSolution
		Debug|Any CPU = Debug|Any CPU
		Release|Any CPU = Release|Any CPU
	EndGlobalSection
	GlobalSection(ProjectConfigurationPlatforms) = postSolution
		{26933F0F-1BE7-4B22-94AA-D7C5C30D4163}.Debug|Any CPU.ActiveCfg = Debug|Any CPU
		{26933F0F-1BE7-4B22-94AA-D7C5C30D4163}.Debug|Any CPU.Build.0 = Debug|Any CPU
		{26933F0F-1BE7-4B22-94AA-D7C5C30D4163}.Release|Any CPU.ActiveCfg = Release|Any CPU
		{26933F0F-1BE7-4B22-94AA-D7C5C30D4163}.Release|Any CPU.Build.0 = Release|Any CPU
		{9C2E0455-1F6A-44A7-8ACA-3DC6919BDABC}.Debug|Any CPU.ActiveCfg = Debug|Any CPU
		{9C2E0455-1F6A-44A7-8ACA-3DC6919BDABC}.Debug|Any CPU.Build.0 = Debug|Any CPU
		{9C2E0455-1F6A-44A7-8ACA-3DC6919BDABC}.Release|Any CPU.ActiveCfg = Release|Any CPU
		{9C2E0455-1F6A-44A7-8ACA-3DC6919BDABC}.Release|Any CPU.Build.0 = Release|Any CPU
	EndGlobalSection
	GlobalSection(SolutionProperties) = preSolution
		HideSolutionNode = FALSE
	EndGlobalSection
	GlobalSection(ExtensibilityGlobals) = postSolution
		SolutionGuid = {D55F3E24-A37B-46DD-88C8-56B6080D1AD1}
	EndGlobalSection
EndGlobal
